{
    "name": "reactive-style-builder",
    "version": "0.1.0",
    "lockfileVersion": 1,
    "requires": true,
    "dependencies": {
        "@types/jest": {
            "version": "22.1.2",
            "resolved": "https://registry.npmjs.org/@types/jest/-/jest-22.1.2.tgz",
            "integrity": "sha512-CJE7jEc0WjCdyG7clSc1V7uSRcdEd5gGB84/kajAH+6QGfT/YERezwENmuAZK0/N6qu0RZsUobj7q7y93vyMYQ==",
            "dev": true
        },
        "@types/shortid": {
            "version": "0.0.29",
            "resolved": "https://registry.npmjs.org/@types/shortid/-/shortid-0.0.29.tgz",
            "integrity": "sha1-gJPuBBam4r8qpjOBCRFLP7/6Dps="
        },
        "core-decorators": {
            "version": "0.12.3",
            "resolved": "https://registry.npmjs.org/core-decorators/-/core-decorators-0.12.3.tgz",
            "integrity": "sha1-az+DN45oDUiwwI2kSJiZt1Mty0M="
        },
        "relpers": {
            "version": "1.3.3",
            "resolved": "https://registry.npmjs.org/relpers/-/relpers-1.3.3.tgz",
            "integrity": "sha1-wvz0dQjDe24lAmkohFW75Xokvto="
        },
        "shortid": {
            "version": "2.2.8",
            "resolved": "https://registry.npmjs.org/shortid/-/shortid-2.2.8.tgz",
            "integrity": "sha1-AzsRfWoul1gE9vCWnb59PQs1UTE="
        },
        "typescript": {
            "version": "2.7.2",
            "resolved": "https://registry.npmjs.org/typescript/-/typescript-2.7.2.tgz",
            "integrity": "sha512-p5TCYZDAO0m4G344hD+wx/LATebLWZNkkh2asWUFqSsD2OrDNhbAHuSjobrmsUmdzjJjEeZVU9g1h3O6vpstnw==",
            "dev": true
        }
    }
}
